
Microsoft Visual Studio Solution File, Format Version 12.00
# Visual Studio Version 16
VisualStudioVersion = 16.0.32126.315
MinimumVisualStudioVersion = 10.0.40219.1
Project("{8BC9CEB8-8B4A-11D0-8D11-00A0C91BC942}") = "Hello World", "Hello World\Hello World.vcxproj", "{61C89D09-D73D-4E6C-AE72-5490CB69D75D}"
EndProject
Global
	GlobalSection(SolutionConfigurationPlatforms) = preSolution
		Debug|x64 = Debug|x64
		Debug|x86 = Debug|x86
		Release|x64 = Release|x64
		Release|x86 = Release|x86
	EndGlobalSection
	GlobalSection(ProjectConfigurationPlatforms) = postSolution
		{61C89D09-D73D-4E6C-AE72-5490CB69D75D}.Debug|x64.ActiveCfg = Debug|x64
		{61C89D09-D73D-4E6C-AE72-5490CB69D75D}.Debug|x64.Build.0 = Debug|x64
		{61C89D09-D73D-4E6C-AE72-5490CB69D75D}.Debug|x86.ActiveCfg = Debug|Win32
		{61C89D09-D73D-4E6C-AE72-5490CB69D75D}.Debug|x86.Build.0 = Debug|Win32
		{61C89D09-D73D-4E6C-AE72-5490CB69D75D}.Release|x64.ActiveCfg = Release|x64
		{61C89D09-D73D-4E6C-AE72-5490CB69D75D}.Release|x64.Build.0 = Release|x64
		{61C89D09-D73D-4E6C-AE72-5490CB69D75D}.Release|x86.ActiveCfg = Release|Win32
		{61C89D09-D73D-4E6C-AE72-5490CB69D75D}.Release|x86.Build.0 = Release|Win32
	EndGlobalSection
	GlobalSection(SolutionProperties) = preSolution
		HideSolutionNode = FALSE
	EndGlobalSection
	GlobalSection(ExtensibilityGlobals) = postSolution
		SolutionGuid = {EFA51F72-CB0B-4CCC-85F9-5C6CDD8021B3}
	EndGlobalSection
EndGlobal
